
Microsoft Visual Studio Solution File, Format Version 12.00
# Visual Studio Version 16
VisualStudioVersion = 16.0.30611.23
MinimumVisualStudioVersion = 10.0.40219.1
Project("{FAE04EC0-301F-11D3-BF4B-00C04F79EFBC}") = "COVID19PROJECT", "COVID19PROJECT\COVID19PROJECT.csproj", "{FEC8AD82-A196-424F-B6A4-BEDA348EF74A}"
EndProject
Global
	GlobalSection(SolutionConfigurationPlatforms) = preSolution
		Debug|Any CPU = Debug|Any CPU
		Release|Any CPU = Release|Any CPU
	EndGlobalSection
	GlobalSection(ProjectConfigurationPlatforms) = postSolution
		{FEC8AD82-A196-424F-B6A4-BEDA348EF74A}.Debug|Any CPU.ActiveCfg = Debug|Any CPU
		{FEC8AD82-A196-424F-B6A4-BEDA348EF74A}.Debug|Any CPU.Build.0 = Debug|Any CPU
		{FEC8AD82-A196-424F-B6A4-BEDA348EF74A}.Release|Any CPU.ActiveCfg = Release|Any CPU
		{FEC8AD82-A196-424F-B6A4-BEDA348EF74A}.Release|Any CPU.Build.0 = Release|Any CPU
	EndGlobalSection
	GlobalSection(SolutionProperties) = preSolution
		HideSolutionNode = FALSE
	EndGlobalSection
	GlobalSection(ExtensibilityGlobals) = postSolution
		SolutionGuid = {2E0579EC-02C6-4BBF-80BB-7F6D7A1BAEB3}
	EndGlobalSection
EndGlobal
